// !$*UTF8*$!
{
	archiveVersion = 1;
	classes = {
	};
	objectVersion = 46;
	objects = {

/* Begin PBXBuildFile section */
		A716B5511A2B5DE900ECC41F /* AppDelegate.m in Sources */ = {isa = PBXBuildFile; fileRef = A716B54A1A2B5DE900ECC41F /* AppDelegate.m */; };
		A716B5531A2B5DE900ECC41F /* main.m in Sources */ = {isa = PBXBuildFile; fileRef = A716B54D1A2B5DE900ECC41F /* main.m */; };
		A716B5561A2B5E2F00ECC41F /* IQSideMenuController.m in Sources */ = {isa = PBXBuildFile; fileRef = A716B5551A2B5E2F00ECC41F /* IQSideMenuController.m */; };
/* End PBXBuildFile section */

/* Begin PBXFileReference section */
		A716B5491A2B5DE900ECC41F /* AppDelegate.h */ = {isa = PBXFileReference; fileEncoding = 4; lastKnownFileType = sourcecode.c.h; path = AppDelegate.h; sourceTree = "<group>"; };
		A716B54A1A2B5DE900ECC41F /* AppDelegate.m */ = {isa = PBXFileReference; fileEncoding = 4; lastKnownFileType = sourcecode.c.objc; path = AppDelegate.m; sourceTree = "<group>"; };
		A716B54C1A2B5DE900ECC41F /* Info.plist */ = {isa = PBXFileReference; fileEncoding = 4; lastKnownFileType = text.plist.xml; path = Info.plist; sourceTree = "<group>"; };
		A716B54D1A2B5DE900ECC41F /* main.m */ = {isa = PBXFileReference; fileEncoding = 4; lastKnownFileType = sourcecode.c.objc; path = main.m; sourceTree = "<group>"; };
		A716B5541A2B5E2F00ECC41F /* IQSideMenuController.h */ = {isa = PBXFileReference; fileEncoding = 4; lastKnownFileType = sourcecode.c.h; path = IQSideMenuController.h; sourceTree = "<group>"; };
		A716B5551A2B5E2F00ECC41F /* IQSideMenuController.m */ = {isa = PBXFileReference; fileEncoding = 4; lastKnownFileType = sourcecode.c.objc; path = IQSideMenuController.m; sourceTree = "<group>"; };
		A73C4D8B1A2B5BD100F1908F /* IQSideMenu.app */ = {isa = PBXFileReference; explicitFileType = wrapper.application; includeInIndex = 0; path = IQSideMenu.app; sourceTree = BUILT_PRODUCTS_DIR; };
/* End PBXFileReference section */

/* Begin PBXFrameworksBuildPhase section */
		A73C4D881A2B5BD100F1908F /* Frameworks */ = {
			isa = PBXFrameworksBuildPhase;
			buildActionMask = 2147483647;
			files = (
			);
			runOnlyForDeploymentPostprocessing = 0;
		};
/* End PBXFrameworksBuildPhase section */

/* Begin PBXGroup section */
		A716B5461A2B5DE800ECC41F /* IQSideMenuController */ = {
			isa = PBXGroup;
			children = (
				A716B5541A2B5E2F00ECC41F /* IQSideMenuController.h */,
				A716B5551A2B5E2F00ECC41F /* IQSideMenuController.m */,
			);
			path = IQSideMenuController;
			sourceTree = "<group>";
		};
		A716B5471A2B5DE900ECC41F /* IQSideMenuDemo */ = {
			isa = PBXGroup;
			children = (
				A716B5481A2B5DE900ECC41F /* AppDelegate */,
				A716B54F1A2B5DE900ECC41F /* Sources */,
				A716B54E1A2B5DE900ECC41F /* Resources */,
				A716B54B1A2B5DE900ECC41F /* Other */,
			);
			path = IQSideMenuDemo;
			sourceTree = "<group>";
		};
		A716B5481A2B5DE900ECC41F /* AppDelegate */ = {
			isa = PBXGroup;
			children = (
				A716B5491A2B5DE900ECC41F /* AppDelegate.h */,
				A716B54A1A2B5DE900ECC41F /* AppDelegate.m */,
			);
			path = AppDelegate;
			sourceTree = "<group>";
		};
		A716B54B1A2B5DE900ECC41F /* Other */ = {
			isa = PBXGroup;
			children = (
				A716B54C1A2B5DE900ECC41F /* Info.plist */,
				A716B54D1A2B5DE900ECC41F /* main.m */,
			);
			path = Other;
			sourceTree = "<group>";
		};
		A716B54E1A2B5DE900ECC41F /* Resources */ = {
			isa = PBXGroup;
			children = (
			);
			path = Resources;
			sourceTree = "<group>";
		};
		A716B54F1A2B5DE900ECC41F /* Sources */ = {
			isa = PBXGroup;
			children = (
			);
			path = Sources;
			sourceTree = "<group>";
		};
		A73C4D821A2B5BD100F1908F = {
			isa = PBXGroup;
			children = (
				A716B5461A2B5DE800ECC41F /* IQSideMenuController */,
				A716B5471A2B5DE900ECC41F /* IQSideMenuDemo */,
				A73C4D8C1A2B5BD100F1908F /* Products */,
			);
			sourceTree = "<group>";
		};
		A73C4D8C1A2B5BD100F1908F /* Products */ = {
			isa = PBXGroup;
			children = (
				A73C4D8B1A2B5BD100F1908F /* IQSideMenu.app */,
			);
			name = Products;
			sourceTree = "<group>";
		};
/* End PBXGroup section */

/* Begin PBXNativeTarget section */
		A73C4D8A1A2B5BD100F1908F /* IQSideMenu */ = {
			isa = PBXNativeTarget;
			buildConfigurationList = A73C4DAE1A2B5BD100F1908F /* Build configuration list for PBXNativeTarget "IQSideMenu" */;
			buildPhases = (
				A73C4D871A2B5BD100F1908F /* Sources */,
				A73C4D881A2B5BD100F1908F /* Frameworks */,
				A73C4D891A2B5BD100F1908F /* Resources */,
			);
			buildRules = (
			);
			dependencies = (
			);
			name = IQSideMenu;
			productName = IQSideMenu;
			productReference = A73C4D8B1A2B5BD100F1908F /* IQSideMenu.app */;
			productType = "com.apple.product-type.application";
		};
/* End PBXNativeTarget section */

/* Begin PBXProject section */
		A73C4D831A2B5BD100F1908F /* Project object */ = {
			isa = PBXProject;
			attributes = {
				LastUpgradeCheck = 0610;
				ORGANIZATIONNAME = "Alexander Orlov";
				TargetAttributes = {
					A73C4D8A1A2B5BD100F1908F = {
						CreatedOnToolsVersion = 6.1;
					};
				};
			};
			buildConfigurationList = A73C4D861A2B5BD100F1908F /* Build configuration list for PBXProject "IQSideMenu" */;
			compatibilityVersion = "Xcode 3.2";
			developmentRegion = English;
			hasScannedForEncodings = 0;
			knownRegions = (
				en,
				Base,
			);
			mainGroup = A73C4D821A2B5BD100F1908F;
			productRefGroup = A73C4D8C1A2B5BD100F1908F /* Products */;
			projectDirPath = "";
			projectRoot = "";
			targets = (
				A73C4D8A1A2B5BD100F1908F /* IQSideMenu */,
			);
		};
/* End PBXProject section */

/* Begin PBXResourcesBuildPhase section */
		A73C4D891A2B5BD100F1908F /* Resources */ = {
			isa = PBXResourcesBuildPhase;
			buildActionMask = 2147483647;
			files = (
			);
			runOnlyForDeploymentPostprocessing = 0;
		};
/* End PBXResourcesBuildPhase section */

/* Begin PBXSourcesBuildPhase section */
		A73C4D871A2B5BD100F1908F /* Sources */ = {
			isa = PBXSourcesBuildPhase;
			buildActionMask = 2147483647;
			files = (
				A716B5531A2B5DE900ECC41F /* main.m in Sources */,
				A716B5561A2B5E2F00ECC41F /* IQSideMenuController.m in Sources */,
				A716B5511A2B5DE900ECC41F /* AppDelegate.m in Sources */,
			);
			runOnlyForDeploymentPostprocessing = 0;
		};
/* End PBXSourcesBuildPhase section */

/* Begin XCBuildConfiguration section */
		A73C4DAC1A2B5BD100F1908F /* Debug */ = {
			isa = XCBuildConfiguration;
			buildSettings = {
				ALWAYS_SEARCH_USER_PATHS = NO;
				CLANG_CXX_LANGUAGE_STANDARD = "gnu++0x";
				CLANG_CXX_LIBRARY = "libc++";
				CLANG_ENABLE_MODULES = YES;
				CLANG_ENABLE_OBJC_ARC = YES;
				CLANG_WARN_BOOL_CONVERSION = YES;
				CLANG_WARN_CONSTANT_CONVERSION = YES;
				CLANG_WARN_DIRECT_OBJC_ISA_USAGE = YES_ERROR;
				CLANG_WARN_EMPTY_BODY = YES;
				CLANG_WARN_ENUM_CONVERSION = YES;
				CLANG_WARN_INT_CONVERSION = YES;
				CLANG_WARN_OBJC_ROOT_CLASS = YES_ERROR;
				CLANG_WARN_UNREACHABLE_CODE = YES;
				CLANG_WARN__DUPLICATE_METHOD_MATCH = YES;
				"CODE_SIGN_IDENTITY[sdk=iphoneos*]" = "iPhone Developer";
				COPY_PHASE_STRIP = NO;
				ENABLE_STRICT_OBJC_MSGSEND = YES;
				GCC_C_LANGUAGE_STANDARD = gnu99;
				GCC_DYNAMIC_NO_PIC = NO;
				GCC_OPTIMIZATION_LEVEL = 0;
				GCC_PREPROCESSOR_DEFINITIONS = (
					"DEBUG=1",
					"$(inherited)",
				);
				GCC_SYMBOLS_PRIVATE_EXTERN = NO;
				GCC_WARN_64_TO_32_BIT_CONVERSION = YES;
				GCC_WARN_ABOUT_RETURN_TYPE = YES_ERROR;
				GCC_WARN_UNDECLARED_SELECTOR = YES;
				GCC_WARN_UNINITIALIZED_AUTOS = YES_AGGRESSIVE;
				GCC_WARN_UNUSED_FUNCTION = YES;
				GCC_WARN_UNUSED_VARIABLE = YES;
				IPHONEOS_DEPLOYMENT_TARGET = 5.1.1;
				MTL_ENABLE_DEBUG_INFO = YES;
				ONLY_ACTIVE_ARCH = YES;
				SDKROOT = iphoneos;
			};
			name = Debug;
		};
		A73C4DAD1A2B5BD100F1908F /* Release */ = {
			isa = XCBuildConfiguration;
			buildSettings = {
				ALWAYS_SEARCH_USER_PATHS = NO;
				CLANG_CXX_LANGUAGE_STANDARD = "gnu++0x";
				CLANG_CXX_LIBRARY = "libc++";
				CLANG_ENABLE_MODULES = YES;
				CLANG_ENABLE_OBJC_ARC = YES;
				CLANG_WARN_BOOL_CONVERSION = YES;
				CLANG_WARN_CONSTANT_CONVERSION = YES;
				CLANG_WARN_DIRECT_OBJC_ISA_USAGE = YES_ERROR;
				CLANG_WARN_EMPTY_BODY = YES;
				CLANG_WARN_ENUM_CONVERSION = YES;
				CLANG_WARN_INT_CONVERSION = YES;
				CLANG_WARN_OBJC_ROOT_CLASS = YES_ERROR;
				CLANG_WARN_UNREACHABLE_CODE = YES;
				CLANG_WARN__DUPLICATE_METHOD_MATCH = YES;
				"CODE_SIGN_IDENTITY[sdk=iphoneos*]" = "iPhone Developer";
				COPY_PHASE_STRIP = YES;
				ENABLE_NS_ASSERTIONS = NO;
				ENABLE_STRICT_OBJC_MSGSEND = YES;
				GCC_C_LANGUAGE_STANDARD = gnu99;
				GCC_WARN_64_TO_32_BIT_CONVERSION = YES;
				GCC_WARN_ABOUT_RETURN_TYPE = YES_ERROR;
				GCC_WARN_UNDECLARED_SELECTOR = YES;
				GCC_WARN_UNINITIALIZED_AUTOS = YES_AGGRESSIVE;
				GCC_WARN_UNUSED_FUNCTION = YES;
				GCC_WARN_UNUSED_VARIABLE = YES;
				IPHONEOS_DEPLOYMENT_TARGET = 5.1.1;
				MTL_ENABLE_DEBUG_INFO = NO;
				SDKROOT = iphoneos;
				VALIDATE_PRODUCT = YES;
			};
			name = Release;
		};
		A73C4DAF1A2B5BD100F1908F /* Debug */ = {
			isa = XCBuildConfiguration;
			buildSettings = {
				ASSETCATALOG_COMPILER_APPICON_NAME = AppIcon;
				INFOPLIST_FILE = "$(SRCROOT)/IQSideMenuDemo/Other/Info.plist";
				IPHONEOS_DEPLOYMENT_TARGET = 5.1.1;
				LD_RUNPATH_SEARCH_PATHS = "$(inherited) @executable_path/Frameworks";
				PRODUCT_NAME = "$(TARGET_NAME)";
			};
			name = Debug;
		};
		A73C4DB01A2B5BD100F1908F /* Release */ = {
			isa = XCBuildConfiguration;
			buildSettings = {
				ASSETCATALOG_COMPILER_APPICON_NAME = AppIcon;
				INFOPLIST_FILE = "$(SRCROOT)/IQSideMenuDemo/Other/Info.plist";
				IPHONEOS_DEPLOYMENT_TARGET = 5.1.1;
				LD_RUNPATH_SEARCH_PATHS = "$(inherited) @executable_path/Frameworks";
				PRODUCT_NAME = "$(TARGET_NAME)";
			};
			name = Release;
		};
/* End XCBuildConfiguration section */

/* Begin XCConfigurationList section */
		A73C4D861A2B5BD100F1908F /* Build configuration list for PBXProject "IQSideMenu" */ = {
			isa = XCConfigurationList;
			buildConfigurations = (
				A73C4DAC1A2B5BD100F1908F /* Debug */,
				A73C4DAD1A2B5BD100F1908F /* Release */,
			);
			defaultConfigurationIsVisible = 0;
			defaultConfigurationName = Release;
		};
		A73C4DAE1A2B5BD100F1908F /* Build configuration list for PBXNativeTarget "IQSideMenu" */ = {
			isa = XCConfigurationList;
			buildConfigurations = (
				A73C4DAF1A2B5BD100F1908F /* Debug */,
				A73C4DB01A2B5BD100F1908F /* Release */,
			);
			defaultConfigurationIsVisible = 0;
			defaultConfigurationName = Release;
		};
/* End XCConfigurationList section */
	};
	rootObject = A73C4D831A2B5BD100F1908F /* Project object */;
}
